
Microsoft Visual Studio Solution File, Format Version 12.00
# Visual Studio 14
VisualStudioVersion = 14.0.25420.1
MinimumVisualStudioVersion = 10.0.40219.1
Project("{FAE04EC0-301F-11D3-BF4B-00C04F79EFBC}") = "ztoffice", "ztoffice.csproj", "{A5748E94-A4C2-4D3D-9B1B-7A848B8F7A8B}"
EndProject
Project("{FAE04EC0-301F-11D3-BF4B-00C04F79EFBC}") = "项目管理系统", "..\xiangmuguanli\项目管理系统.csproj", "{1493C6A5-0358-4220-BF91-C05CB4695F71}"
EndProject
Project("{FAE04EC0-301F-11D3-BF4B-00C04F79EFBC}") = "jiagou", "..\jiagou\WindowsFormsApplication2\jiagou.csproj", "{2A3011EB-37A0-4291-A6E5-FA534C9EBDE4}"
EndProject
Project("{FAE04EC0-301F-11D3-BF4B-00C04F79EFBC}") = "ztznpms", "..\ztznpms\ztznpms\ztznpms.csproj", "{3D217F83-A27A-40DB-B670-334B8A093213}"
EndProject
Project("{FAE04EC0-301F-11D3-BF4B-00C04F79EFBC}") = "market", "..\market\market\market.csproj", "{B736DD97-D393-4F59-B2C6-681C177DDD6F}"
EndProject
Project("{FAE04EC0-301F-11D3-BF4B-00C04F79EFBC}") = "mujubu", "..\mujubu\mujubu.csproj", "{260DF3CF-06ED-4116-9FD3-0232219D665E}"
EndProject
Project("{FAE04EC0-301F-11D3-BF4B-00C04F79EFBC}") = "update", "..\update\update.csproj", "{CC9E174E-5BBC-4513-B4EA-CE31D4D8F8A3}"
EndProject
Project("{FAE04EC0-301F-11D3-BF4B-00C04F79EFBC}") = "NetWorkLib", "..\..\..\Git\network3j\network3j\NetWorkLib.csproj", "{5269E2D3-73EB-47D5-8AD9-D449C315E190}"
EndProject
Global
	GlobalSection(SolutionConfigurationPlatforms) = preSolution
		Debug|Any CPU = Debug|Any CPU
		Debug|x86 = Debug|x86
		Release|Any CPU = Release|Any CPU
		Release|x86 = Release|x86
	EndGlobalSection
	GlobalSection(ProjectConfigurationPlatforms) = postSolution
		{A5748E94-A4C2-4D3D-9B1B-7A848B8F7A8B}.Debug|Any CPU.ActiveCfg = Debug|Any CPU
		{A5748E94-A4C2-4D3D-9B1B-7A848B8F7A8B}.Debug|Any CPU.Build.0 = Debug|Any CPU
		{A5748E94-A4C2-4D3D-9B1B-7A848B8F7A8B}.Debug|x86.ActiveCfg = Debug|Any CPU
		{A5748E94-A4C2-4D3D-9B1B-7A848B8F7A8B}.Debug|x86.Build.0 = Debug|Any CPU
		{A5748E94-A4C2-4D3D-9B1B-7A848B8F7A8B}.Release|Any CPU.ActiveCfg = Release|Any CPU
		{A5748E94-A4C2-4D3D-9B1B-7A848B8F7A8B}.Release|Any CPU.Build.0 = Release|Any CPU
		{A5748E94-A4C2-4D3D-9B1B-7A848B8F7A8B}.Release|x86.ActiveCfg = Release|Any CPU
		{A5748E94-A4C2-4D3D-9B1B-7A848B8F7A8B}.Release|x86.Build.0 = Release|Any CPU
		{1493C6A5-0358-4220-BF91-C05CB4695F71}.Debug|Any CPU.ActiveCfg = Debug|Any CPU
		{1493C6A5-0358-4220-BF91-C05CB4695F71}.Debug|Any CPU.Build.0 = Debug|Any CPU
		{1493C6A5-0358-4220-BF91-C05CB4695F71}.Debug|x86.ActiveCfg = Debug|Any CPU
		{1493C6A5-0358-4220-BF91-C05CB4695F71}.Debug|x86.Build.0 = Debug|Any CPU
		{1493C6A5-0358-4220-BF91-C05CB4695F71}.Release|Any CPU.ActiveCfg = Release|Any CPU
		{1493C6A5-0358-4220-BF91-C05CB4695F71}.Release|Any CPU.Build.0 = Release|Any CPU
		{1493C6A5-0358-4220-BF91-C05CB4695F71}.Release|x86.ActiveCfg = Release|Any CPU
		{1493C6A5-0358-4220-BF91-C05CB4695F71}.Release|x86.Build.0 = Release|Any CPU
		{2A3011EB-37A0-4291-A6E5-FA534C9EBDE4}.Debug|Any CPU.ActiveCfg = Debug|Any CPU
		{2A3011EB-37A0-4291-A6E5-FA534C9EBDE4}.Debug|Any CPU.Build.0 = Debug|Any CPU
		{2A3011EB-37A0-4291-A6E5-FA534C9EBDE4}.Debug|x86.ActiveCfg = Debug|Any CPU
		{2A3011EB-37A0-4291-A6E5-FA534C9EBDE4}.Debug|x86.Build.0 = Debug|Any CPU
		{2A3011EB-37A0-4291-A6E5-FA534C9EBDE4}.Release|Any CPU.ActiveCfg = Release|Any CPU
		{2A3011EB-37A0-4291-A6E5-FA534C9EBDE4}.Release|Any CPU.Build.0 = Release|Any CPU
		{2A3011EB-37A0-4291-A6E5-FA534C9EBDE4}.Release|x86.ActiveCfg = Release|Any CPU
		{2A3011EB-37A0-4291-A6E5-FA534C9EBDE4}.Release|x86.Build.0 = Release|Any CPU
		{3D217F83-A27A-40DB-B670-334B8A093213}.Debug|Any CPU.ActiveCfg = Debug|Any CPU
		{3D217F83-A27A-40DB-B670-334B8A093213}.Debug|Any CPU.Build.0 = Debug|Any CPU
		{3D217F83-A27A-40DB-B670-334B8A093213}.Debug|x86.ActiveCfg = Debug|Any CPU
		{3D217F83-A27A-40DB-B670-334B8A093213}.Debug|x86.Build.0 = Debug|Any CPU
		{3D217F83-A27A-40DB-B670-334B8A093213}.Release|Any CPU.ActiveCfg = Release|Any CPU
		{3D217F83-A27A-40DB-B670-334B8A093213}.Release|Any CPU.Build.0 = Release|Any CPU
		{3D217F83-A27A-40DB-B670-334B8A093213}.Release|x86.ActiveCfg = Release|Any CPU
		{3D217F83-A27A-40DB-B670-334B8A093213}.Release|x86.Build.0 = Release|Any CPU
		{B736DD97-D393-4F59-B2C6-681C177DDD6F}.Debug|Any CPU.ActiveCfg = Debug|Any CPU
		{B736DD97-D393-4F59-B2C6-681C177DDD6F}.Debug|Any CPU.Build.0 = Debug|Any CPU
		{B736DD97-D393-4F59-B2C6-681C177DDD6F}.Debug|x86.ActiveCfg = Debug|Any CPU
		{B736DD97-D393-4F59-B2C6-681C177DDD6F}.Debug|x86.Build.0 = Debug|Any CPU
		{B736DD97-D393-4F59-B2C6-681C177DDD6F}.Release|Any CPU.ActiveCfg = Release|Any CPU
		{B736DD97-D393-4F59-B2C6-681C177DDD6F}.Release|Any CPU.Build.0 = Release|Any CPU
		{B736DD97-D393-4F59-B2C6-681C177DDD6F}.Release|x86.ActiveCfg = Release|Any CPU
		{B736DD97-D393-4F59-B2C6-681C177DDD6F}.Release|x86.Build.0 = Release|Any CPU
		{260DF3CF-06ED-4116-9FD3-0232219D665E}.Debug|Any CPU.ActiveCfg = Debug|Any CPU
		{260DF3CF-06ED-4116-9FD3-0232219D665E}.Debug|Any CPU.Build.0 = Debug|Any CPU
		{260DF3CF-06ED-4116-9FD3-0232219D665E}.Debug|x86.ActiveCfg = Debug|Any CPU
		{260DF3CF-06ED-4116-9FD3-0232219D665E}.Debug|x86.Build.0 = Debug|Any CPU
		{260DF3CF-06ED-4116-9FD3-0232219D665E}.Release|Any CPU.ActiveCfg = Release|Any CPU
		{260DF3CF-06ED-4116-9FD3-0232219D665E}.Release|Any CPU.Build.0 = Release|Any CPU
		{260DF3CF-06ED-4116-9FD3-0232219D665E}.Release|x86.ActiveCfg = Release|Any CPU
		{260DF3CF-06ED-4116-9FD3-0232219D665E}.Release|x86.Build.0 = Release|Any CPU
		{CC9E174E-5BBC-4513-B4EA-CE31D4D8F8A3}.Debug|Any CPU.ActiveCfg = Debug|Any CPU
		{CC9E174E-5BBC-4513-B4EA-CE31D4D8F8A3}.Debug|Any CPU.Build.0 = Debug|Any CPU
		{CC9E174E-5BBC-4513-B4EA-CE31D4D8F8A3}.Debug|x86.ActiveCfg = Debug|Any CPU
		{CC9E174E-5BBC-4513-B4EA-CE31D4D8F8A3}.Debug|x86.Build.0 = Debug|Any CPU
		{CC9E174E-5BBC-4513-B4EA-CE31D4D8F8A3}.Release|Any CPU.ActiveCfg = Release|Any CPU
		{CC9E174E-5BBC-4513-B4EA-CE31D4D8F8A3}.Release|Any CPU.Build.0 = Release|Any CPU
		{CC9E174E-5BBC-4513-B4EA-CE31D4D8F8A3}.Release|x86.ActiveCfg = Release|Any CPU
		{CC9E174E-5BBC-4513-B4EA-CE31D4D8F8A3}.Release|x86.Build.0 = Release|Any CPU
		{5269E2D3-73EB-47D5-8AD9-D449C315E190}.Debug|Any CPU.ActiveCfg = Debug|Any CPU
		{5269E2D3-73EB-47D5-8AD9-D449C315E190}.Debug|Any CPU.Build.0 = Debug|Any CPU
		{5269E2D3-73EB-47D5-8AD9-D449C315E190}.Debug|x86.ActiveCfg = Debug|Any CPU
		{5269E2D3-73EB-47D5-8AD9-D449C315E190}.Debug|x86.Build.0 = Debug|Any CPU
		{5269E2D3-73EB-47D5-8AD9-D449C315E190}.Release|Any CPU.ActiveCfg = Release|Any CPU
		{5269E2D3-73EB-47D5-8AD9-D449C315E190}.Release|Any CPU.Build.0 = Release|Any CPU
		{5269E2D3-73EB-47D5-8AD9-D449C315E190}.Release|x86.ActiveCfg = Release|Any CPU
		{5269E2D3-73EB-47D5-8AD9-D449C315E190}.Release|x86.Build.0 = Release|Any CPU
	EndGlobalSection
	GlobalSection(SolutionProperties) = preSolution
		HideSolutionNode = FALSE
	EndGlobalSection
	GlobalSection(ExtensibilityGlobals) = postSolution
		SolutionGuid = {87802458-0B56-46AD-B899-04AE0E8467AD}
	EndGlobalSection
EndGlobal
